
Microsoft Visual Studio Solution File, Format Version 12.00
# Visual Studio Version 17
VisualStudioVersion = 17.7.34031.279
MinimumVisualStudioVersion = 10.0.40219.1
Project("{FAE04EC0-301F-11D3-BF4B-00C04F79EFBC}") = "Lesson3.homework", "Lesson3.homework\Lesson3.homework.csproj", "{EDF05208-3AF1-4FC1-B9E3-B15CA11F778E}"
EndProject
Global
	GlobalSection(SolutionConfigurationPlatforms) = preSolution
		Debug|Any CPU = Debug|Any CPU
		Release|Any CPU = Release|Any CPU
	EndGlobalSection
	GlobalSection(ProjectConfigurationPlatforms) = postSolution
		{EDF05208-3AF1-4FC1-B9E3-B15CA11F778E}.Debug|Any CPU.ActiveCfg = Debug|Any CPU
		{EDF05208-3AF1-4FC1-B9E3-B15CA11F778E}.Debug|Any CPU.Build.0 = Debug|Any CPU
		{EDF05208-3AF1-4FC1-B9E3-B15CA11F778E}.Release|Any CPU.ActiveCfg = Release|Any CPU
		{EDF05208-3AF1-4FC1-B9E3-B15CA11F778E}.Release|Any CPU.Build.0 = Release|Any CPU
	EndGlobalSection
	GlobalSection(SolutionProperties) = preSolution
		HideSolutionNode = FALSE
	EndGlobalSection
	GlobalSection(ExtensibilityGlobals) = postSolution
		SolutionGuid = {87F785CC-7023-4EA0-B369-10B94E6E9B90}
	EndGlobalSection
EndGlobal
